
Microsoft Visual Studio Solution File, Format Version 12.00
Project("{FAE04EC0-301F-11D3-BF4B-00C04F79EFBC}") = "ElGamalGenerator", "ElGamalGenerator\ElGamalGenerator.csproj", "{B7A67AFD-85A1-48D4-89B5-909C7BB3D025}"
EndProject
Project("{FAE04EC0-301F-11D3-BF4B-00C04F79EFBC}") = "ElGamalEncryptor", "ElGamalEncryptor\ElGamalEncryptor.csproj", "{403AF235-51A1-48B3-8598-8F48896653B8}"
EndProject
Project("{FAE04EC0-301F-11D3-BF4B-00C04F79EFBC}") = "ElGamalDecryptor", "ElGamalDecryptor\ElGamalDecryptor.csproj", "{CC6411F4-05B4-45E5-A16B-1D0BAB5B3521}"
EndProject
Global
	GlobalSection(SolutionConfigurationPlatforms) = preSolution
		Debug|Any CPU = Debug|Any CPU
		Release|Any CPU = Release|Any CPU
	EndGlobalSection
	GlobalSection(ProjectConfigurationPlatforms) = postSolution
		{B7A67AFD-85A1-48D4-89B5-909C7BB3D025}.Debug|Any CPU.ActiveCfg = Debug|Any CPU
		{B7A67AFD-85A1-48D4-89B5-909C7BB3D025}.Debug|Any CPU.Build.0 = Debug|Any CPU
		{B7A67AFD-85A1-48D4-89B5-909C7BB3D025}.Release|Any CPU.ActiveCfg = Release|Any CPU
		{B7A67AFD-85A1-48D4-89B5-909C7BB3D025}.Release|Any CPU.Build.0 = Release|Any CPU
		{403AF235-51A1-48B3-8598-8F48896653B8}.Debug|Any CPU.ActiveCfg = Debug|Any CPU
		{403AF235-51A1-48B3-8598-8F48896653B8}.Debug|Any CPU.Build.0 = Debug|Any CPU
		{403AF235-51A1-48B3-8598-8F48896653B8}.Release|Any CPU.ActiveCfg = Release|Any CPU
		{403AF235-51A1-48B3-8598-8F48896653B8}.Release|Any CPU.Build.0 = Release|Any CPU
		{CC6411F4-05B4-45E5-A16B-1D0BAB5B3521}.Debug|Any CPU.ActiveCfg = Debug|Any CPU
		{CC6411F4-05B4-45E5-A16B-1D0BAB5B3521}.Debug|Any CPU.Build.0 = Debug|Any CPU
		{CC6411F4-05B4-45E5-A16B-1D0BAB5B3521}.Release|Any CPU.ActiveCfg = Release|Any CPU
		{CC6411F4-05B4-45E5-A16B-1D0BAB5B3521}.Release|Any CPU.Build.0 = Release|Any CPU
	EndGlobalSection
EndGlobal
